schema: '2.0'
stages:
  data_ingestion:
    cmd: python src/cnnClassifier/pipeline/stage_01_data_ingestion.py
    deps:
    - path: config/config.yaml
      hash: md5
      md5: 39ef0b251331d9484860d0a1380dab62
      size: 583
    - path: src/cnnClassifier/pipeline/stage_01_data_ingestion.py
      hash: md5
      md5: 26af299c4bc6947cf2cfdd773740f1ed
      size: 954
    outs:
    - path: artifacts/data_ingestion/Chest-CT-Scan-data
      hash: md5
      md5: 904fa45d934ce879b3b1933dca6cb2f1.dir
      size: 49247431
      nfiles: 343
  prepare_base_model:
    cmd: python src\CnnClassifier\pipeline\stage_02_prepare_base_model.py
    deps:
    - path: config/config.yaml
      hash: md5
      md5: 39ef0b251331d9484860d0a1380dab62
      size: 583
    - path: src\CnnClassifier\pipeline\stage_02_prepare_base_model.py
      hash: md5
      md5: 4f9906383e6c78e20b51c35e024256b8
      size: 978
    params:
      params.yaml:
        CLASSES: 2
        IMAGE_SIZE:
        - 224
        - 224
        - 3
        INCLUDE_TOP: false
        LEARNING_RATE: 0.02
        WEIGHTS: imagenet
    outs:
    - path: artifacts/prepare_base_model
      hash: md5
      md5: 2ec5bce6343819ab2473e81d1cfd6d05.dir
      size: 118054560
      nfiles: 2
  training:
    cmd: python src/CnnClassifier/pipeline/stage_03_model_trainer.py
    deps:
    - path: artifacts/data_ingestion/Chest-CT-Scan-data
      hash: md5
      md5: 904fa45d934ce879b3b1933dca6cb2f1.dir
      size: 49247431
      nfiles: 343
    - path: artifacts/prepare_base_model
      hash: md5
      md5: 2ec5bce6343819ab2473e81d1cfd6d05.dir
      size: 118054560
      nfiles: 2
    - path: config/config.yaml
      hash: md5
      md5: 39ef0b251331d9484860d0a1380dab62
      size: 583
    - path: src/CnnClassifier/pipeline/stage_03_model_trainer.py
      hash: md5
      md5: f1394bd5c77c2ef97e8dd9e51582494a
      size: 891
    params:
      params.yaml:
        AUGMENTATION: true
        BATCH_SIZE: 16
        EPOCHS: 3
        IMAGE_SIZE:
        - 224
        - 224
        - 3
    outs:
    - path: artifacts/training/model.h5
      hash: md5
      md5: 15090f8dd364cd98b0d3a922b8262e9d
      size: 59337520
  evaluation:
    cmd: python src/cnnClassifier/pipeline/stage_04_model_evaluation.py
    deps:
    - path: artifacts/data_ingestion/Chest-CT-Scan-data
      hash: md5
      md5: 904fa45d934ce879b3b1933dca6cb2f1.dir
      size: 49247431
      nfiles: 343
    - path: artifacts/training/model.h5
      hash: md5
      md5: 15090f8dd364cd98b0d3a922b8262e9d
      size: 59337520
    - path: config/config.yaml
      hash: md5
      md5: 39ef0b251331d9484860d0a1380dab62
      size: 583
    - path: src/cnnClassifier/pipeline/stage_04_model_evaluation.py
      hash: md5
      md5: 6c07a91fa881d7819dfe55999e638c9b
      size: 869
    params:
      params.yaml:
        BATCH_SIZE: 16
        IMAGE_SIZE:
        - 224
        - 224
        - 3
    outs:
    - path: scores.json
      hash: md5
      md5: a4aa7048f634a5042905de9db511817b
      size: 73
